
Microsoft Visual Studio Solution File, Format Version 12.00
# Visual Studio Version 17
VisualStudioVersion = 17.2.32602.215
MinimumVisualStudioVersion = 10.0.40219.1
Project("{FAE04EC0-301F-11D3-BF4B-00C04F79EFBC}") = "1_Typy_wyliczeniowe", "1_Typy_wyliczeniowe\1_Typy_wyliczeniowe.csproj", "{E9C6F2ED-A8D8-4BBE-A904-982EB69B2CE1}"
EndProject
Project("{FAE04EC0-301F-11D3-BF4B-00C04F79EFBC}") = "2_Struktury", "2_Struktury\2_Struktury.csproj", "{0BD99FAF-62CE-4FC3-881C-C45198B8072A}"
EndProject
Project("{FAE04EC0-301F-11D3-BF4B-00C04F79EFBC}") = "3_Przedmiot_w_grze", "3_Przedmiot_w_grze\3_Przedmiot_w_grze.csproj", "{B3FF9807-DBCC-4ED2-9346-8CD72279AD94}"
EndProject
Project("{FAE04EC0-301F-11D3-BF4B-00C04F79EFBC}") = "4_Zdefiniuj_studenta", "4_Zdefiniuj_studenta\4_Zdefiniuj_studenta.csproj", "{C8599DA2-0093-4006-8771-BBCD059C70B2}"
EndProject
Global
	GlobalSection(SolutionConfigurationPlatforms) = preSolution
		Debug|Any CPU = Debug|Any CPU
		Release|Any CPU = Release|Any CPU
	EndGlobalSection
	GlobalSection(ProjectConfigurationPlatforms) = postSolution
		{E9C6F2ED-A8D8-4BBE-A904-982EB69B2CE1}.Debug|Any CPU.ActiveCfg = Debug|Any CPU
		{E9C6F2ED-A8D8-4BBE-A904-982EB69B2CE1}.Debug|Any CPU.Build.0 = Debug|Any CPU
		{E9C6F2ED-A8D8-4BBE-A904-982EB69B2CE1}.Release|Any CPU.ActiveCfg = Release|Any CPU
		{E9C6F2ED-A8D8-4BBE-A904-982EB69B2CE1}.Release|Any CPU.Build.0 = Release|Any CPU
		{0BD99FAF-62CE-4FC3-881C-C45198B8072A}.Debug|Any CPU.ActiveCfg = Debug|Any CPU
		{0BD99FAF-62CE-4FC3-881C-C45198B8072A}.Debug|Any CPU.Build.0 = Debug|Any CPU
		{0BD99FAF-62CE-4FC3-881C-C45198B8072A}.Release|Any CPU.ActiveCfg = Release|Any CPU
		{0BD99FAF-62CE-4FC3-881C-C45198B8072A}.Release|Any CPU.Build.0 = Release|Any CPU
		{B3FF9807-DBCC-4ED2-9346-8CD72279AD94}.Debug|Any CPU.ActiveCfg = Debug|Any CPU
		{B3FF9807-DBCC-4ED2-9346-8CD72279AD94}.Debug|Any CPU.Build.0 = Debug|Any CPU
		{B3FF9807-DBCC-4ED2-9346-8CD72279AD94}.Release|Any CPU.ActiveCfg = Release|Any CPU
		{B3FF9807-DBCC-4ED2-9346-8CD72279AD94}.Release|Any CPU.Build.0 = Release|Any CPU
		{C8599DA2-0093-4006-8771-BBCD059C70B2}.Debug|Any CPU.ActiveCfg = Debug|Any CPU
		{C8599DA2-0093-4006-8771-BBCD059C70B2}.Debug|Any CPU.Build.0 = Debug|Any CPU
		{C8599DA2-0093-4006-8771-BBCD059C70B2}.Release|Any CPU.ActiveCfg = Release|Any CPU
		{C8599DA2-0093-4006-8771-BBCD059C70B2}.Release|Any CPU.Build.0 = Release|Any CPU
	EndGlobalSection
	GlobalSection(SolutionProperties) = preSolution
		HideSolutionNode = FALSE
	EndGlobalSection
	GlobalSection(ExtensibilityGlobals) = postSolution
		SolutionGuid = {ECD0CDE2-5EC4-43D4-BF92-5FB08C0BCD29}
	EndGlobalSection
EndGlobal
